// !$*UTF8*$!
{
	archiveVersion = 1;
	classes = {
	};
	objectVersion = 50;
	objects = {

/* Begin PBXBuildFile section */
		B448171F2587946800F686AF /* Чиста тупа бит.mp3 in Resources */ = {isa = PBXBuildFile; fileRef = B448171E2587946800F686AF /* Чиста тупа бит.mp3 */; };
		B448172725879B4000F686AF /* Мяу.m4a in Resources */ = {isa = PBXBuildFile; fileRef = B4481723258798A300F686AF /* Мяу.m4a */; };
		B466494425857E4D006E535F /* QuestLine.swift in Sources */ = {isa = PBXBuildFile; fileRef = B466494325857E4D006E535F /* QuestLine.swift */; };
		B466494C25857F3B006E535F /* HobboQuest.swift in Sources */ = {isa = PBXBuildFile; fileRef = B466494B25857F3B006E535F /* HobboQuest.swift */; };
		B4B74A8E2587EBAA00AB6279 /* Snare.wav in Resources */ = {isa = PBXBuildFile; fileRef = B4B74A8D2587EBAA00AB6279 /* Snare.wav */; };
		B4B98F752578786D000513A8 /* AppDelegate.swift in Sources */ = {isa = PBXBuildFile; fileRef = B4B98F742578786D000513A8 /* AppDelegate.swift */; };
		B4B98F772578786D000513A8 /* SceneDelegate.swift in Sources */ = {isa = PBXBuildFile; fileRef = B4B98F762578786D000513A8 /* SceneDelegate.swift */; };
		B4B98F792578786D000513A8 /* ViewController.swift in Sources */ = {isa = PBXBuildFile; fileRef = B4B98F782578786D000513A8 /* ViewController.swift */; };
		B4B98F7C2578786D000513A8 /* Main.storyboard in Resources */ = {isa = PBXBuildFile; fileRef = B4B98F7A2578786D000513A8 /* Main.storyboard */; };
		B4B98F7E25787872000513A8 /* Assets.xcassets in Resources */ = {isa = PBXBuildFile; fileRef = B4B98F7D25787872000513A8 /* Assets.xcassets */; };
		B4B98F8125787872000513A8 /* LaunchScreen.storyboard in Resources */ = {isa = PBXBuildFile; fileRef = B4B98F7F25787872000513A8 /* LaunchScreen.storyboard */; };
		B4B98F8C25787873000513A8 /* ValeraGameTests.swift in Sources */ = {isa = PBXBuildFile; fileRef = B4B98F8B25787873000513A8 /* ValeraGameTests.swift */; };
		B4B98F9725787873000513A8 /* ValeraGameUITests.swift in Sources */ = {isa = PBXBuildFile; fileRef = B4B98F9625787873000513A8 /* ValeraGameUITests.swift */; };
		B4B98FB625793D30000513A8 /* StatusBarTitle.swift in Sources */ = {isa = PBXBuildFile; fileRef = B4B98FB525793D30000513A8 /* StatusBarTitle.swift */; };
		B4B98FBB25793E0E000513A8 /* ValeraBrain.swift in Sources */ = {isa = PBXBuildFile; fileRef = B4B98FBA25793E0D000513A8 /* ValeraBrain.swift */; };
		B4F64074258144C900FD3136 /* Валера Жизнь Тяжёлая Сука.jpg in Resources */ = {isa = PBXBuildFile; fileRef = B4F64073258144C800FD3136 /* Валера Жизнь Тяжёлая Сука.jpg */; };
/* End PBXBuildFile section */

/* Begin PBXContainerItemProxy section */
		B4B98F8825787873000513A8 /* PBXContainerItemProxy */ = {
			isa = PBXContainerItemProxy;
			containerPortal = B4B98F692578786D000513A8 /* Project object */;
			proxyType = 1;
			remoteGlobalIDString = B4B98F702578786D000513A8;
			remoteInfo = ValeraGame;
		};
		B4B98F9325787873000513A8 /* PBXContainerItemProxy */ = {
			isa = PBXContainerItemProxy;
			containerPortal = B4B98F692578786D000513A8 /* Project object */;
			proxyType = 1;
			remoteGlobalIDString = B4B98F702578786D000513A8;
			remoteInfo = ValeraGame;
		};
/* End PBXContainerItemProxy section */

/* Begin PBXFileReference section */
		B448171E2587946800F686AF /* Чиста тупа бит.mp3 */ = {isa = PBXFileReference; lastKnownFileType = audio.mp3; path = "Чиста тупа бит.mp3"; sourceTree = "<group>"; };
		B4481723258798A300F686AF /* Мяу.m4a */ = {isa = PBXFileReference; lastKnownFileType = file; path = "Мяу.m4a"; sourceTree = "<group>"; };
		B466491525841056006E535F /* Валера Жизнь Тяжёлая Сука.jpg */ = {isa = PBXFileReference; lastKnownFileType = image.jpeg; path = "Валера Жизнь Тяжёлая Сука.jpg"; sourceTree = "<group>"; };
		B466494325857E4D006E535F /* QuestLine.swift */ = {isa = PBXFileReference; lastKnownFileType = sourcecode.swift; path = QuestLine.swift; sourceTree = "<group>"; };
		B466494B25857F3B006E535F /* HobboQuest.swift */ = {isa = PBXFileReference; fileEncoding = 4; lastKnownFileType = sourcecode.swift; name = HobboQuest.swift; path = ../../../../.Trash/HobboQuest.swift; sourceTree = "<group>"; };
		B4B74A8D2587EBAA00AB6279 /* Snare.wav */ = {isa = PBXFileReference; lastKnownFileType = audio.wav; path = Snare.wav; sourceTree = "<group>"; };
		B4B98F712578786D000513A8 /* ValeraGame.app */ = {isa = PBXFileReference; explicitFileType = wrapper.application; includeInIndex = 0; path = ValeraGame.app; sourceTree = BUILT_PRODUCTS_DIR; };
		B4B98F742578786D000513A8 /* AppDelegate.swift */ = {isa = PBXFileReference; lastKnownFileType = sourcecode.swift; path = AppDelegate.swift; sourceTree = "<group>"; };
		B4B98F762578786D000513A8 /* SceneDelegate.swift */ = {isa = PBXFileReference; lastKnownFileType = sourcecode.swift; path = SceneDelegate.swift; sourceTree = "<group>"; };
		B4B98F782578786D000513A8 /* ViewController.swift */ = {isa = PBXFileReference; lastKnownFileType = sourcecode.swift; path = ViewController.swift; sourceTree = "<group>"; };
		B4B98F7B2578786D000513A8 /* Base */ = {isa = PBXFileReference; lastKnownFileType = file.storyboard; name = Base; path = Base.lproj/Main.storyboard; sourceTree = "<group>"; };
		B4B98F7D25787872000513A8 /* Assets.xcassets */ = {isa = PBXFileReference; lastKnownFileType = folder.assetcatalog; path = Assets.xcassets; sourceTree = "<group>"; };
		B4B98F8025787872000513A8 /* Base */ = {isa = PBXFileReference; lastKnownFileType = file.storyboard; name = Base; path = Base.lproj/LaunchScreen.storyboard; sourceTree = "<group>"; };
		B4B98F8225787872000513A8 /* Info.plist */ = {isa = PBXFileReference; lastKnownFileType = text.plist.xml; path = Info.plist; sourceTree = "<group>"; };
		B4B98F8725787873000513A8 /* ValeraGameTests.xctest */ = {isa = PBXFileReference; explicitFileType = wrapper.cfbundle; includeInIndex = 0; path = ValeraGameTests.xctest; sourceTree = BUILT_PRODUCTS_DIR; };
		B4B98F8B25787873000513A8 /* ValeraGameTests.swift */ = {isa = PBXFileReference; lastKnownFileType = sourcecode.swift; path = ValeraGameTests.swift; sourceTree = "<group>"; };
		B4B98F8D25787873000513A8 /* Info.plist */ = {isa = PBXFileReference; lastKnownFileType = text.plist.xml; path = Info.plist; sourceTree = "<group>"; };
		B4B98F9225787873000513A8 /* ValeraGameUITests.xctest */ = {isa = PBXFileReference; explicitFileType = wrapper.cfbundle; includeInIndex = 0; path = ValeraGameUITests.xctest; sourceTree = BUILT_PRODUCTS_DIR; };
		B4B98F9625787873000513A8 /* ValeraGameUITests.swift */ = {isa = PBXFileReference; lastKnownFileType = sourcecode.swift; path = ValeraGameUITests.swift; sourceTree = "<group>"; };
		B4B98F9825787873000513A8 /* Info.plist */ = {isa = PBXFileReference; lastKnownFileType = text.plist.xml; path = Info.plist; sourceTree = "<group>"; };
		B4B98FB525793D30000513A8 /* StatusBarTitle.swift */ = {isa = PBXFileReference; lastKnownFileType = sourcecode.swift; path = StatusBarTitle.swift; sourceTree = "<group>"; };
		B4B98FBA25793E0D000513A8 /* ValeraBrain.swift */ = {isa = PBXFileReference; lastKnownFileType = sourcecode.swift; path = ValeraBrain.swift; sourceTree = "<group>"; };
		B4F64073258144C800FD3136 /* Валера Жизнь Тяжёлая Сука.jpg */ = {isa = PBXFileReference; lastKnownFileType = image.jpeg; name = "Валера Жизнь Тяжёлая Сука.jpg"; path = "../../../Desktop/Documents/Xcode/ValeraGame/Assets.xcassets/Валера Жизнь Тяжёлая Сука.jpg"; sourceTree = "<group>"; };
/* End PBXFileReference section */

/* Begin PBXFrameworksBuildPhase section */
		B4B98F6E2578786D000513A8 /* Frameworks */ = {
			isa = PBXFrameworksBuildPhase;
			buildActionMask = 2147483647;
			files = (
			);
			runOnlyForDeploymentPostprocessing = 0;
		};
		B4B98F8425787872000513A8 /* Frameworks */ = {
			isa = PBXFrameworksBuildPhase;
			buildActionMask = 2147483647;
			files = (
			);
			runOnlyForDeploymentPostprocessing = 0;
		};
		B4B98F8F25787873000513A8 /* Frameworks */ = {
			isa = PBXFrameworksBuildPhase;
			buildActionMask = 2147483647;
			files = (
			);
			runOnlyForDeploymentPostprocessing = 0;
		};
/* End PBXFrameworksBuildPhase section */

/* Begin PBXGroup section */
		B448171D2587939800F686AF /* Sounds */ = {
			isa = PBXGroup;
			children = (
				B448171E2587946800F686AF /* Чиста тупа бит.mp3 */,
				B4B74A8D2587EBAA00AB6279 /* Snare.wav */,
				B4481723258798A300F686AF /* Мяу.m4a */,
			);
			path = Sounds;
			sourceTree = "<group>";
		};
		B4B98F682578786D000513A8 = {
			isa = PBXGroup;
			children = (
				B4B98F732578786D000513A8 /* ValeraGame */,
				B4B98F8A25787873000513A8 /* ValeraGameTests */,
				B4B98F9525787873000513A8 /* ValeraGameUITests */,
				B4B98F722578786D000513A8 /* Products */,
			);
			sourceTree = "<group>";
		};
		B4B98F722578786D000513A8 /* Products */ = {
			isa = PBXGroup;
			children = (
				B4B98F712578786D000513A8 /* ValeraGame.app */,
				B4B98F8725787873000513A8 /* ValeraGameTests.xctest */,
				B4B98F9225787873000513A8 /* ValeraGameUITests.xctest */,
			);
			name = Products;
			sourceTree = "<group>";
		};
		B4B98F732578786D000513A8 /* ValeraGame */ = {
			isa = PBXGroup;
			children = (
				B4B98F742578786D000513A8 /* AppDelegate.swift */,
				B4B98F762578786D000513A8 /* SceneDelegate.swift */,
				B448171D2587939800F686AF /* Sounds */,
				B4B98FA725793CAE000513A8 /* Model */,
				B4B98F7D25787872000513A8 /* Assets.xcassets */,
				B4B98FA925793CD7000513A8 /* Controller */,
				B4B98FA825793CBD000513A8 /* Veiw */,
				B4F64073258144C800FD3136 /* Валера Жизнь Тяжёлая Сука.jpg */,
				B4B98F8225787872000513A8 /* Info.plist */,
			);
			path = ValeraGame;
			sourceTree = "<group>";
		};
		B4B98F8A25787873000513A8 /* ValeraGameTests */ = {
			isa = PBXGroup;
			children = (
				B4B98F8B25787873000513A8 /* ValeraGameTests.swift */,
				B4B98F8D25787873000513A8 /* Info.plist */,
			);
			path = ValeraGameTests;
			sourceTree = "<group>";
		};
		B4B98F9525787873000513A8 /* ValeraGameUITests */ = {
			isa = PBXGroup;
			children = (
				B4B98F9625787873000513A8 /* ValeraGameUITests.swift */,
				B4B98F9825787873000513A8 /* Info.plist */,
			);
			path = ValeraGameUITests;
			sourceTree = "<group>";
		};
		B4B98FA725793CAE000513A8 /* Model */ = {
			isa = PBXGroup;
			children = (
				B4B98FB525793D30000513A8 /* StatusBarTitle.swift */,
				B4B98FBA25793E0D000513A8 /* ValeraBrain.swift */,
				B466494B25857F3B006E535F /* HobboQuest.swift */,
				B466494325857E4D006E535F /* QuestLine.swift */,
			);
			path = Model;
			sourceTree = "<group>";
		};
		B4B98FA825793CBD000513A8 /* Veiw */ = {
			isa = PBXGroup;
			children = (
				B466491525841056006E535F /* Валера Жизнь Тяжёлая Сука.jpg */,
				B4B98F7F25787872000513A8 /* LaunchScreen.storyboard */,
				B4B98F7A2578786D000513A8 /* Main.storyboard */,
			);
			path = Veiw;
			sourceTree = "<group>";
		};
		B4B98FA925793CD7000513A8 /* Controller */ = {
			isa = PBXGroup;
			children = (
				B4B98F782578786D000513A8 /* ViewController.swift */,
			);
			path = Controller;
			sourceTree = "<group>";
		};
/* End PBXGroup section */

/* Begin PBXNativeTarget section */
		B4B98F702578786D000513A8 /* ValeraGame */ = {
			isa = PBXNativeTarget;
			buildConfigurationList = B4B98F9B25787873000513A8 /* Build configuration list for PBXNativeTarget "ValeraGame" */;
			buildPhases = (
				B4B98F6D2578786D000513A8 /* Sources */,
				B4B98F6E2578786D000513A8 /* Frameworks */,
				B4B98F6F2578786D000513A8 /* Resources */,
			);
			buildRules = (
			);
			dependencies = (
			);
			name = ValeraGame;
			productName = ValeraGame;
			productReference = B4B98F712578786D000513A8 /* ValeraGame.app */;
			productType = "com.apple.product-type.application";
		};
		B4B98F8625787872000513A8 /* ValeraGameTests */ = {
			isa = PBXNativeTarget;
			buildConfigurationList = B4B98F9E25787873000513A8 /* Build configuration list for PBXNativeTarget "ValeraGameTests" */;
			buildPhases = (
				B4B98F8325787872000513A8 /* Sources */,
				B4B98F8425787872000513A8 /* Frameworks */,
				B4B98F8525787872000513A8 /* Resources */,
			);
			buildRules = (
			);
			dependencies = (
				B4B98F8925787873000513A8 /* PBXTargetDependency */,
			);
			name = ValeraGameTests;
			productName = ValeraGameTests;
			productReference = B4B98F8725787873000513A8 /* ValeraGameTests.xctest */;
			productType = "com.apple.product-type.bundle.unit-test";
		};
		B4B98F9125787873000513A8 /* ValeraGameUITests */ = {
			isa = PBXNativeTarget;
			buildConfigurationList = B4B98FA125787873000513A8 /* Build configuration list for PBXNativeTarget "ValeraGameUITests" */;
			buildPhases = (
				B4B98F8E25787873000513A8 /* Sources */,
				B4B98F8F25787873000513A8 /* Frameworks */,
				B4B98F9025787873000513A8 /* Resources */,
			);
			buildRules = (
			);
			dependencies = (
				B4B98F9425787873000513A8 /* PBXTargetDependency */,
			);
			name = ValeraGameUITests;
			productName = ValeraGameUITests;
			productReference = B4B98F9225787873000513A8 /* ValeraGameUITests.xctest */;
			productType = "com.apple.product-type.bundle.ui-testing";
		};
/* End PBXNativeTarget section */

/* Begin PBXProject section */
		B4B98F692578786D000513A8 /* Project object */ = {
			isa = PBXProject;
			attributes = {
				LastSwiftUpdateCheck = 1200;
				LastUpgradeCheck = 1200;
				TargetAttributes = {
					B4B98F702578786D000513A8 = {
						CreatedOnToolsVersion = 12.0.1;
					};
					B4B98F8625787872000513A8 = {
						CreatedOnToolsVersion = 12.0.1;
						TestTargetID = B4B98F702578786D000513A8;
					};
					B4B98F9125787873000513A8 = {
						CreatedOnToolsVersion = 12.0.1;
						TestTargetID = B4B98F702578786D000513A8;
					};
				};
			};
			buildConfigurationList = B4B98F6C2578786D000513A8 /* Build configuration list for PBXProject "ValeraGame" */;
			compatibilityVersion = "Xcode 9.3";
			developmentRegion = en;
			hasScannedForEncodings = 0;
			knownRegions = (
				en,
				Base,
			);
			mainGroup = B4B98F682578786D000513A8;
			productRefGroup = B4B98F722578786D000513A8 /* Products */;
			projectDirPath = "";
			projectRoot = "";
			targets = (
				B4B98F702578786D000513A8 /* ValeraGame */,
				B4B98F8625787872000513A8 /* ValeraGameTests */,
				B4B98F9125787873000513A8 /* ValeraGameUITests */,
			);
		};
/* End PBXProject section */

/* Begin PBXResourcesBuildPhase section */
		B4B98F6F2578786D000513A8 /* Resources */ = {
			isa = PBXResourcesBuildPhase;
			buildActionMask = 2147483647;
			files = (
				B448171F2587946800F686AF /* Чиста тупа бит.mp3 in Resources */,
				B4B74A8E2587EBAA00AB6279 /* Snare.wav in Resources */,
				B4B98F8125787872000513A8 /* LaunchScreen.storyboard in Resources */,
				B4F64074258144C900FD3136 /* Валера Жизнь Тяжёлая Сука.jpg in Resources */,
				B448172725879B4000F686AF /* Мяу.m4a in Resources */,
				B4B98F7E25787872000513A8 /* Assets.xcassets in Resources */,
				B4B98F7C2578786D000513A8 /* Main.storyboard in Resources */,
			);
			runOnlyForDeploymentPostprocessing = 0;
		};
		B4B98F8525787872000513A8 /* Resources */ = {
			isa = PBXResourcesBuildPhase;
			buildActionMask = 2147483647;
			files = (
			);
			runOnlyForDeploymentPostprocessing = 0;
		};
		B4B98F9025787873000513A8 /* Resources */ = {
			isa = PBXResourcesBuildPhase;
			buildActionMask = 2147483647;
			files = (
			);
			runOnlyForDeploymentPostprocessing = 0;
		};
/* End PBXResourcesBuildPhase section */

/* Begin PBXSourcesBuildPhase section */
		B4B98F6D2578786D000513A8 /* Sources */ = {
			isa = PBXSourcesBuildPhase;
			buildActionMask = 2147483647;
			files = (
				B4B98F792578786D000513A8 /* ViewController.swift in Sources */,
				B4B98FB625793D30000513A8 /* StatusBarTitle.swift in Sources */,
				B4B98F752578786D000513A8 /* AppDelegate.swift in Sources */,
				B4B98F772578786D000513A8 /* SceneDelegate.swift in Sources */,
				B466494425857E4D006E535F /* QuestLine.swift in Sources */,
				B4B98FBB25793E0E000513A8 /* ValeraBrain.swift in Sources */,
				B466494C25857F3B006E535F /* HobboQuest.swift in Sources */,
			);
			runOnlyForDeploymentPostprocessing = 0;
		};
		B4B98F8325787872000513A8 /* Sources */ = {
			isa = PBXSourcesBuildPhase;
			buildActionMask = 2147483647;
			files = (
				B4B98F8C25787873000513A8 /* ValeraGameTests.swift in Sources */,
			);
			runOnlyForDeploymentPostprocessing = 0;
		};
		B4B98F8E25787873000513A8 /* Sources */ = {
			isa = PBXSourcesBuildPhase;
			buildActionMask = 2147483647;
			files = (
				B4B98F9725787873000513A8 /* ValeraGameUITests.swift in Sources */,
			);
			runOnlyForDeploymentPostprocessing = 0;
		};
/* End PBXSourcesBuildPhase section */

/* Begin PBXTargetDependency section */
		B4B98F8925787873000513A8 /* PBXTargetDependency */ = {
			isa = PBXTargetDependency;
			target = B4B98F702578786D000513A8 /* ValeraGame */;
			targetProxy = B4B98F8825787873000513A8 /* PBXContainerItemProxy */;
		};
		B4B98F9425787873000513A8 /* PBXTargetDependency */ = {
			isa = PBXTargetDependency;
			target = B4B98F702578786D000513A8 /* ValeraGame */;
			targetProxy = B4B98F9325787873000513A8 /* PBXContainerItemProxy */;
		};
/* End PBXTargetDependency section */

/* Begin PBXVariantGroup section */
		B4B98F7A2578786D000513A8 /* Main.storyboard */ = {
			isa = PBXVariantGroup;
			children = (
				B4B98F7B2578786D000513A8 /* Base */,
			);
			name = Main.storyboard;
			sourceTree = "<group>";
		};
		B4B98F7F25787872000513A8 /* LaunchScreen.storyboard */ = {
			isa = PBXVariantGroup;
			children = (
				B4B98F8025787872000513A8 /* Base */,
			);
			name = LaunchScreen.storyboard;
			sourceTree = "<group>";
		};
/* End PBXVariantGroup section */

/* Begin XCBuildConfiguration section */
		B4B98F9925787873000513A8 /* Debug */ = {
			isa = XCBuildConfiguration;
			buildSettings = {
				ALWAYS_SEARCH_USER_PATHS = NO;
				CLANG_ANALYZER_NONNULL = YES;
				CLANG_ANALYZER_NUMBER_OBJECT_CONVERSION = YES_AGGRESSIVE;
				CLANG_CXX_LANGUAGE_STANDARD = "gnu++14";
				CLANG_CXX_LIBRARY = "libc++";
				CLANG_ENABLE_MODULES = YES;
				CLANG_ENABLE_OBJC_ARC = YES;
				CLANG_ENABLE_OBJC_WEAK = YES;
				CLANG_WARN_BLOCK_CAPTURE_AUTORELEASING = YES;
				CLANG_WARN_BOOL_CONVERSION = YES;
				CLANG_WARN_COMMA = YES;
				CLANG_WARN_CONSTANT_CONVERSION = YES;
				CLANG_WARN_DEPRECATED_OBJC_IMPLEMENTATIONS = YES;
				CLANG_WARN_DIRECT_OBJC_ISA_USAGE = YES_ERROR;
				CLANG_WARN_DOCUMENTATION_COMMENTS = YES;
				CLANG_WARN_EMPTY_BODY = YES;
				CLANG_WARN_ENUM_CONVERSION = YES;
				CLANG_WARN_INFINITE_RECURSION = YES;
				CLANG_WARN_INT_CONVERSION = YES;
				CLANG_WARN_NON_LITERAL_NULL_CONVERSION = YES;
				CLANG_WARN_OBJC_IMPLICIT_RETAIN_SELF = YES;
				CLANG_WARN_OBJC_LITERAL_CONVERSION = YES;
				CLANG_WARN_OBJC_ROOT_CLASS = YES_ERROR;
				CLANG_WARN_QUOTED_INCLUDE_IN_FRAMEWORK_HEADER = YES;
				CLANG_WARN_RANGE_LOOP_ANALYSIS = YES;
				CLANG_WARN_STRICT_PROTOTYPES = YES;
				CLANG_WARN_SUSPICIOUS_MOVE = YES;
				CLANG_WARN_UNGUARDED_AVAILABILITY = YES_AGGRESSIVE;
				CLANG_WARN_UNREACHABLE_CODE = YES;
				CLANG_WARN__DUPLICATE_METHOD_MATCH = YES;
				COPY_PHASE_STRIP = NO;
				DEBUG_INFORMATION_FORMAT = dwarf;
				ENABLE_STRICT_OBJC_MSGSEND = YES;
				ENABLE_TESTABILITY = YES;
				GCC_C_LANGUAGE_STANDARD = gnu11;
				GCC_DYNAMIC_NO_PIC = NO;
				GCC_NO_COMMON_BLOCKS = YES;
				GCC_OPTIMIZATION_LEVEL = 0;
				GCC_PREPROCESSOR_DEFINITIONS = (
					"DEBUG=1",
					"$(inherited)",
				);
				GCC_WARN_64_TO_32_BIT_CONVERSION = YES;
				GCC_WARN_ABOUT_RETURN_TYPE = YES_ERROR;
				GCC_WARN_UNDECLARED_SELECTOR = YES;
				GCC_WARN_UNINITIALIZED_AUTOS = YES_AGGRESSIVE;
				GCC_WARN_UNUSED_FUNCTION = YES;
				GCC_WARN_UNUSED_VARIABLE = YES;
				IPHONEOS_DEPLOYMENT_TARGET = 14.0;
				MTL_ENABLE_DEBUG_INFO = INCLUDE_SOURCE;
				MTL_FAST_MATH = YES;
				ONLY_ACTIVE_ARCH = YES;
				SDKROOT = iphoneos;
				SWIFT_ACTIVE_COMPILATION_CONDITIONS = DEBUG;
				SWIFT_OPTIMIZATION_LEVEL = "-Onone";
			};
			name = Debug;
		};
		B4B98F9A25787873000513A8 /* Release */ = {
			isa = XCBuildConfiguration;
			buildSettings = {
				ALWAYS_SEARCH_USER_PATHS = NO;
				CLANG_ANALYZER_NONNULL = YES;
				CLANG_ANALYZER_NUMBER_OBJECT_CONVERSION = YES_AGGRESSIVE;
				CLANG_CXX_LANGUAGE_STANDARD = "gnu++14";
				CLANG_CXX_LIBRARY = "libc++";
				CLANG_ENABLE_MODULES = YES;
				CLANG_ENABLE_OBJC_ARC = YES;
				CLANG_ENABLE_OBJC_WEAK = YES;
				CLANG_WARN_BLOCK_CAPTURE_AUTORELEASING = YES;
				CLANG_WARN_BOOL_CONVERSION = YES;
				CLANG_WARN_COMMA = YES;
				CLANG_WARN_CONSTANT_CONVERSION = YES;
				CLANG_WARN_DEPRECATED_OBJC_IMPLEMENTATIONS = YES;
				CLANG_WARN_DIRECT_OBJC_ISA_USAGE = YES_ERROR;
				CLANG_WARN_DOCUMENTATION_COMMENTS = YES;
				CLANG_WARN_EMPTY_BODY = YES;
				CLANG_WARN_ENUM_CONVERSION = YES;
				CLANG_WARN_INFINITE_RECURSION = YES;
				CLANG_WARN_INT_CONVERSION = YES;
				CLANG_WARN_NON_LITERAL_NULL_CONVERSION = YES;
				CLANG_WARN_OBJC_IMPLICIT_RETAIN_SELF = YES;
				CLANG_WARN_OBJC_LITERAL_CONVERSION = YES;
				CLANG_WARN_OBJC_ROOT_CLASS = YES_ERROR;
				CLANG_WARN_QUOTED_INCLUDE_IN_FRAMEWORK_HEADER = YES;
				CLANG_WARN_RANGE_LOOP_ANALYSIS = YES;
				CLANG_WARN_STRICT_PROTOTYPES = YES;
				CLANG_WARN_SUSPICIOUS_MOVE = YES;
				CLANG_WARN_UNGUARDED_AVAILABILITY = YES_AGGRESSIVE;
				CLANG_WARN_UNREACHABLE_CODE = YES;
				CLANG_WARN__DUPLICATE_METHOD_MATCH = YES;
				COPY_PHASE_STRIP = NO;
				DEBUG_INFORMATION_FORMAT = "dwarf-with-dsym";
				ENABLE_NS_ASSERTIONS = NO;
				ENABLE_STRICT_OBJC_MSGSEND = YES;
				GCC_C_LANGUAGE_STANDARD = gnu11;
				GCC_NO_COMMON_BLOCKS = YES;
				GCC_WARN_64_TO_32_BIT_CONVERSION = YES;
				GCC_WARN_ABOUT_RETURN_TYPE = YES_ERROR;
				GCC_WARN_UNDECLARED_SELECTOR = YES;
				GCC_WARN_UNINITIALIZED_AUTOS = YES_AGGRESSIVE;
				GCC_WARN_UNUSED_FUNCTION = YES;
				GCC_WARN_UNUSED_VARIABLE = YES;
				IPHONEOS_DEPLOYMENT_TARGET = 14.0;
				MTL_ENABLE_DEBUG_INFO = NO;
				MTL_FAST_MATH = YES;
				SDKROOT = iphoneos;
				SWIFT_COMPILATION_MODE = wholemodule;
				SWIFT_OPTIMIZATION_LEVEL = "-O";
				VALIDATE_PRODUCT = YES;
			};
			name = Release;
		};
		B4B98F9C25787873000513A8 /* Debug */ = {
			isa = XCBuildConfiguration;
			buildSettings = {
				ASSETCATALOG_COMPILER_APPICON_NAME = AppIcon;
				ASSETCATALOG_COMPILER_GLOBAL_ACCENT_COLOR_NAME = AccentColor;
				CODE_SIGN_STYLE = Automatic;
				DEVELOPMENT_TEAM = SZ5CPZCXJA;
				INFOPLIST_FILE = ValeraGame/Info.plist;
				LD_RUNPATH_SEARCH_PATHS = (
					"$(inherited)",
					"@executable_path/Frameworks",
				);
				PRODUCT_BUNDLE_IDENTIFIER = com.NikitaShvadlenko.ValeraGame;
				PRODUCT_NAME = "$(TARGET_NAME)";
				SWIFT_VERSION = 5.0;
				TARGETED_DEVICE_FAMILY = "1,2";
			};
			name = Debug;
		};
		B4B98F9D25787873000513A8 /* Release */ = {
			isa = XCBuildConfiguration;
			buildSettings = {
				ASSETCATALOG_COMPILER_APPICON_NAME = AppIcon;
				ASSETCATALOG_COMPILER_GLOBAL_ACCENT_COLOR_NAME = AccentColor;
				CODE_SIGN_STYLE = Automatic;
				DEVELOPMENT_TEAM = SZ5CPZCXJA;
				INFOPLIST_FILE = ValeraGame/Info.plist;
				LD_RUNPATH_SEARCH_PATHS = (
					"$(inherited)",
					"@executable_path/Frameworks",
				);
				PRODUCT_BUNDLE_IDENTIFIER = com.NikitaShvadlenko.ValeraGame;
				PRODUCT_NAME = "$(TARGET_NAME)";
				SWIFT_VERSION = 5.0;
				TARGETED_DEVICE_FAMILY = "1,2";
			};
			name = Release;
		};
		B4B98F9F25787873000513A8 /* Debug */ = {
			isa = XCBuildConfiguration;
			buildSettings = {
				ALWAYS_EMBED_SWIFT_STANDARD_LIBRARIES = YES;
				BUNDLE_LOADER = "$(TEST_HOST)";
				CODE_SIGN_STYLE = Automatic;
				DEVELOPMENT_TEAM = SZ5CPZCXJA;
				INFOPLIST_FILE = ValeraGameTests/Info.plist;
				IPHONEOS_DEPLOYMENT_TARGET = 14.0;
				LD_RUNPATH_SEARCH_PATHS = (
					"$(inherited)",
					"@executable_path/Frameworks",
					"@loader_path/Frameworks",
				);
				PRODUCT_BUNDLE_IDENTIFIER = com.NikitaShvadlenko.ValeraGameTests;
				PRODUCT_NAME = "$(TARGET_NAME)";
				SWIFT_VERSION = 5.0;
				TARGETED_DEVICE_FAMILY = "1,2";
				TEST_HOST = "$(BUILT_PRODUCTS_DIR)/ValeraGame.app/ValeraGame";
			};
			name = Debug;
		};
		B4B98FA025787873000513A8 /* Release */ = {
			isa = XCBuildConfiguration;
			buildSettings = {
				ALWAYS_EMBED_SWIFT_STANDARD_LIBRARIES = YES;
				BUNDLE_LOADER = "$(TEST_HOST)";
				CODE_SIGN_STYLE = Automatic;
				DEVELOPMENT_TEAM = SZ5CPZCXJA;
				INFOPLIST_FILE = ValeraGameTests/Info.plist;
				IPHONEOS_DEPLOYMENT_TARGET = 14.0;
				LD_RUNPATH_SEARCH_PATHS = (
					"$(inherited)",
					"@executable_path/Frameworks",
					"@loader_path/Frameworks",
				);
				PRODUCT_BUNDLE_IDENTIFIER = com.NikitaShvadlenko.ValeraGameTests;
				PRODUCT_NAME = "$(TARGET_NAME)";
				SWIFT_VERSION = 5.0;
				TARGETED_DEVICE_FAMILY = "1,2";
				TEST_HOST = "$(BUILT_PRODUCTS_DIR)/ValeraGame.app/ValeraGame";
			};
			name = Release;
		};
		B4B98FA225787873000513A8 /* Debug */ = {
			isa = XCBuildConfiguration;
			buildSettings = {
				ALWAYS_EMBED_SWIFT_STANDARD_LIBRARIES = YES;
				CODE_SIGN_STYLE = Automatic;
				DEVELOPMENT_TEAM = SZ5CPZCXJA;
				INFOPLIST_FILE = ValeraGameUITests/Info.plist;
				LD_RUNPATH_SEARCH_PATHS = (
					"$(inherited)",
					"@executable_path/Frameworks",
					"@loader_path/Frameworks",
				);
				PRODUCT_BUNDLE_IDENTIFIER = com.NikitaShvadlenko.ValeraGameUITests;
				PRODUCT_NAME = "$(TARGET_NAME)";
				SWIFT_VERSION = 5.0;
				TARGETED_DEVICE_FAMILY = "1,2";
				TEST_TARGET_NAME = ValeraGame;
			};
			name = Debug;
		};
		B4B98FA325787873000513A8 /* Release */ = {
			isa = XCBuildConfiguration;
			buildSettings = {
				ALWAYS_EMBED_SWIFT_STANDARD_LIBRARIES = YES;
				CODE_SIGN_STYLE = Automatic;
				DEVELOPMENT_TEAM = SZ5CPZCXJA;
				INFOPLIST_FILE = ValeraGameUITests/Info.plist;
				LD_RUNPATH_SEARCH_PATHS = (
					"$(inherited)",
					"@executable_path/Frameworks",
					"@loader_path/Frameworks",
				);
				PRODUCT_BUNDLE_IDENTIFIER = com.NikitaShvadlenko.ValeraGameUITests;
				PRODUCT_NAME = "$(TARGET_NAME)";
				SWIFT_VERSION = 5.0;
				TARGETED_DEVICE_FAMILY = "1,2";
				TEST_TARGET_NAME = ValeraGame;
			};
			name = Release;
		};
/* End XCBuildConfiguration section */

/* Begin XCConfigurationList section */
		B4B98F6C2578786D000513A8 /* Build configuration list for PBXProject "ValeraGame" */ = {
			isa = XCConfigurationList;
			buildConfigurations = (
				B4B98F9925787873000513A8 /* Debug */,
				B4B98F9A25787873000513A8 /* Release */,
			);
			defaultConfigurationIsVisible = 0;
			defaultConfigurationName = Release;
		};
		B4B98F9B25787873000513A8 /* Build configuration list for PBXNativeTarget "ValeraGame" */ = {
			isa = XCConfigurationList;
			buildConfigurations = (
				B4B98F9C25787873000513A8 /* Debug */,
				B4B98F9D25787873000513A8 /* Release */,
			);
			defaultConfigurationIsVisible = 0;
			defaultConfigurationName = Release;
		};
		B4B98F9E25787873000513A8 /* Build configuration list for PBXNativeTarget "ValeraGameTests" */ = {
			isa = XCConfigurationList;
			buildConfigurations = (
				B4B98F9F25787873000513A8 /* Debug */,
				B4B98FA025787873000513A8 /* Release */,
			);
			defaultConfigurationIsVisible = 0;
			defaultConfigurationName = Release;
		};
		B4B98FA125787873000513A8 /* Build configuration list for PBXNativeTarget "ValeraGameUITests" */ = {
			isa = XCConfigurationList;
			buildConfigurations = (
				B4B98FA225787873000513A8 /* Debug */,
				B4B98FA325787873000513A8 /* Release */,
			);
			defaultConfigurationIsVisible = 0;
			defaultConfigurationName = Release;
		};
/* End XCConfigurationList section */
	};
	rootObject = B4B98F692578786D000513A8 /* Project object */;
}
